
Microsoft Visual Studio Solution File, Format Version 12.00
# Visual Studio Version 16
VisualStudioVersion = 16.0.28803.352
MinimumVisualStudioVersion = 10.0.40219.1
Project("{9A19103F-16F7-4668-BE54-9A1E7A4F7556}") = "ConsoleApp14", "ConsoleApp14\ConsoleApp14.csproj", "{E80C2AE0-63E3-487E-B594-97062B9B9BDF}"
EndProject
Global
	GlobalSection(SolutionConfigurationPlatforms) = preSolution
		Debug|Any CPU = Debug|Any CPU
		Release|Any CPU = Release|Any CPU
	EndGlobalSection
	GlobalSection(ProjectConfigurationPlatforms) = postSolution
		{E80C2AE0-63E3-487E-B594-97062B9B9BDF}.Debug|Any CPU.ActiveCfg = Debug|Any CPU
		{E80C2AE0-63E3-487E-B594-97062B9B9BDF}.Debug|Any CPU.Build.0 = Debug|Any CPU
		{E80C2AE0-63E3-487E-B594-97062B9B9BDF}.Release|Any CPU.ActiveCfg = Release|Any CPU
		{E80C2AE0-63E3-487E-B594-97062B9B9BDF}.Release|Any CPU.Build.0 = Release|Any CPU
	EndGlobalSection
	GlobalSection(SolutionProperties) = preSolution
		HideSolutionNode = FALSE
	EndGlobalSection
	GlobalSection(ExtensibilityGlobals) = postSolution
		SolutionGuid = {AEDDE060-36C1-4B9C-A76C-234D05D799E1}
	EndGlobalSection
EndGlobal
